
Microsoft Visual Studio Solution File, Format Version 12.00
# Visual Studio Version 17
VisualStudioVersion = 17.10.35027.167
MinimumVisualStudioVersion = 10.0.40219.1
Project("{FAE04EC0-301F-11D3-BF4B-00C04F79EFBC}") = "biblioteca", "biblioteca\biblioteca.csproj", "{6ADEA231-C65D-4EB2-9EC3-4B7A6959F8C7}"
EndProject
Global
	GlobalSection(SolutionConfigurationPlatforms) = preSolution
		Debug|Any CPU = Debug|Any CPU
		Release|Any CPU = Release|Any CPU
	EndGlobalSection
	GlobalSection(ProjectConfigurationPlatforms) = postSolution
		{6ADEA231-C65D-4EB2-9EC3-4B7A6959F8C7}.Debug|Any CPU.ActiveCfg = Debug|Any CPU
		{6ADEA231-C65D-4EB2-9EC3-4B7A6959F8C7}.Debug|Any CPU.Build.0 = Debug|Any CPU
		{6ADEA231-C65D-4EB2-9EC3-4B7A6959F8C7}.Release|Any CPU.ActiveCfg = Release|Any CPU
		{6ADEA231-C65D-4EB2-9EC3-4B7A6959F8C7}.Release|Any CPU.Build.0 = Release|Any CPU
	EndGlobalSection
	GlobalSection(SolutionProperties) = preSolution
		HideSolutionNode = FALSE
	EndGlobalSection
	GlobalSection(ExtensibilityGlobals) = postSolution
		SolutionGuid = {1B0C2995-5C9F-4742-A875-FD37B721EE16}
	EndGlobalSection
EndGlobal
